
Microsoft Visual Studio Solution File, Format Version 10.00
# Visual Studio 2008
Project("{8BC9CEB8-8B4A-11D0-8D11-00A0C91BC942}") = "IrrlichtLime", "source\IrrlichtLime.vcproj", "{4F6EF8E3-F26F-49DB-867D-FD10FB083B0D}"
EndProject
Project("{FAE04EC0-301F-11D3-BF4B-00C04F79EFBC}") = "01.HelloWorld", "examples\01.HelloWorld\01.HelloWorld.csproj", "{2C0A756D-4857-4F3E-AD46-16AAA8A13D9F}"
EndProject
Project("{FAE04EC0-301F-11D3-BF4B-00C04F79EFBC}") = "02.Quake3Map", "examples\02.Quake3Map\02.Quake3Map.csproj", "{0088831A-7FF0-4BDA-A6D8-1AF677D5E65D}"
EndProject
Project("{FAE04EC0-301F-11D3-BF4B-00C04F79EFBC}") = "03.CustomSceneNode", "examples\03.CustomSceneNode\03.CustomSceneNode.csproj", "{DCF3AC38-0AEC-41A8-A4EB-3FE5AEB1E4E6}"
EndProject
Project("{FAE04EC0-301F-11D3-BF4B-00C04F79EFBC}") = "04.Movement", "examples\04.Movement\04.Movement.csproj", "{3FB822C3-EE0F-4F0F-ABE7-92EA699573D5}"
EndProject
Project("{FAE04EC0-301F-11D3-BF4B-00C04F79EFBC}") = "05.UserInterface", "examples\05.UserInterface\05.UserInterface.csproj", "{0483DEB0-3901-4BAC-8AE1-87C77105EFE7}"
EndProject
Project("{FAE04EC0-301F-11D3-BF4B-00C04F79EFBC}") = "06.2DGraphics", "examples\06.2DGraphics\06.2DGraphics.csproj", "{76939AE4-3E48-47F4-938C-664C92E40877}"
EndProject
Project("{FAE04EC0-301F-11D3-BF4B-00C04F79EFBC}") = "07.Collision", "examples\07.Collision\07.Collision.csproj", "{2EC4B4A2-A038-4FA9-885D-F1E1FB9A0EB9}"
EndProject
Project("{FAE04EC0-301F-11D3-BF4B-00C04F79EFBC}") = "08.SpecialFX", "examples\08.SpecialFX\08.SpecialFX.csproj", "{8C159A17-1BAD-49C6-ADB5-9FEA5FE33B69}"
EndProject
Project("{FAE04EC0-301F-11D3-BF4B-00C04F79EFBC}") = "09.Meshviewer", "examples\09.Meshviewer\09.Meshviewer.csproj", "{B58EA1E2-9ED2-4B33-B6EA-63931323E941}"
EndProject
Project("{FAE04EC0-301F-11D3-BF4B-00C04F79EFBC}") = "11.PerPixelLighting", "examples\11.PerPixelLighting\11.PerPixelLighting.csproj", "{5DB10DC3-9CBC-4521-879D-6FBAF76A478F}"
EndProject
Project("{FAE04EC0-301F-11D3-BF4B-00C04F79EFBC}") = "12.TerrainRendering", "examples\12.TerrainRendering\12.TerrainRendering.csproj", "{EFC801FE-4FCD-4283-9CBC-1ED06DAE1C11}"
EndProject
Project("{FAE04EC0-301F-11D3-BF4B-00C04F79EFBC}") = "L01.TexturePainting", "examples\L01.TexturePainting\L01.TexturePainting.csproj", "{17B6AF95-48FC-4529-8451-4AF0E0F39567}"
EndProject
Project("{FAE04EC0-301F-11D3-BF4B-00C04F79EFBC}") = "13.RenderToTexture", "examples\13.RenderToTexture\13.RenderToTexture.csproj", "{E29F80C2-52F1-4F7F-BC3B-091ECFE3F465}"
EndProject
Project("{FAE04EC0-301F-11D3-BF4B-00C04F79EFBC}") = "L02.WinFormsWindow", "examples\L02.WinFormsWindow\L02.WinFormsWindow.csproj", "{04AF92FF-69DC-41A7-B25D-979B3D7A1A29}"
EndProject
Project("{FAE04EC0-301F-11D3-BF4B-00C04F79EFBC}") = "15.LoadIrrFile", "examples\15.LoadIrrFile\15.LoadIrrFile.csproj", "{9C0AB743-3818-4A07-AA81-3C8523E08F78}"
EndProject
Project("{FAE04EC0-301F-11D3-BF4B-00C04F79EFBC}") = "18.SplitScreen", "examples\18.SplitScreen\18.SplitScreen.csproj", "{2E84AAF4-3D36-44D4-9D43-71EDC29EC564}"
EndProject
Project("{FAE04EC0-301F-11D3-BF4B-00C04F79EFBC}") = "10.Shaders", "examples\10.Shaders\10.Shaders.csproj", "{C71AE6E3-6DAC-454B-9DF7-D021E972C0E8}"
EndProject
Global
	GlobalSection(SolutionConfigurationPlatforms) = preSolution
		Debug|Any CPU = Debug|Any CPU
		Debug|Mixed Platforms = Debug|Mixed Platforms
		Debug|Win32 = Debug|Win32
		Debug|x86 = Debug|x86
		Release|Any CPU = Release|Any CPU
		Release|Mixed Platforms = Release|Mixed Platforms
		Release|Win32 = Release|Win32
		Release|x86 = Release|x86
	EndGlobalSection
	GlobalSection(ProjectConfigurationPlatforms) = postSolution
		{4F6EF8E3-F26F-49DB-867D-FD10FB083B0D}.Debug|Any CPU.ActiveCfg = Debug|Win32
		{4F6EF8E3-F26F-49DB-867D-FD10FB083B0D}.Debug|Mixed Platforms.ActiveCfg = Debug|Win32
		{4F6EF8E3-F26F-49DB-867D-FD10FB083B0D}.Debug|Mixed Platforms.Build.0 = Debug|Win32
		{4F6EF8E3-F26F-49DB-867D-FD10FB083B0D}.Debug|Win32.ActiveCfg = Debug|Win32
		{4F6EF8E3-F26F-49DB-867D-FD10FB083B0D}.Debug|Win32.Build.0 = Debug|Win32
		{4F6EF8E3-F26F-49DB-867D-FD10FB083B0D}.Debug|x86.ActiveCfg = Debug|Win32
		{4F6EF8E3-F26F-49DB-867D-FD10FB083B0D}.Release|Any CPU.ActiveCfg = Release|Win32
		{4F6EF8E3-F26F-49DB-867D-FD10FB083B0D}.Release|Mixed Platforms.ActiveCfg = Release|Win32
		{4F6EF8E3-F26F-49DB-867D-FD10FB083B0D}.Release|Mixed Platforms.Build.0 = Release|Win32
		{4F6EF8E3-F26F-49DB-867D-FD10FB083B0D}.Release|Win32.ActiveCfg = Release|Win32
		{4F6EF8E3-F26F-49DB-867D-FD10FB083B0D}.Release|Win32.Build.0 = Release|Win32
		{4F6EF8E3-F26F-49DB-867D-FD10FB083B0D}.Release|x86.ActiveCfg = Release|Win32
		{2C0A756D-4857-4F3E-AD46-16AAA8A13D9F}.Debug|Any CPU.ActiveCfg = Debug|x86
		{2C0A756D-4857-4F3E-AD46-16AAA8A13D9F}.Debug|Mixed Platforms.ActiveCfg = Debug|x86
		{2C0A756D-4857-4F3E-AD46-16AAA8A13D9F}.Debug|Mixed Platforms.Build.0 = Debug|x86
		{2C0A756D-4857-4F3E-AD46-16AAA8A13D9F}.Debug|Win32.ActiveCfg = Debug|x86
		{2C0A756D-4857-4F3E-AD46-16AAA8A13D9F}.Debug|x86.ActiveCfg = Debug|x86
		{2C0A756D-4857-4F3E-AD46-16AAA8A13D9F}.Debug|x86.Build.0 = Debug|x86
		{2C0A756D-4857-4F3E-AD46-16AAA8A13D9F}.Release|Any CPU.ActiveCfg = Release|x86
		{2C0A756D-4857-4F3E-AD46-16AAA8A13D9F}.Release|Mixed Platforms.ActiveCfg = Release|x86
		{2C0A756D-4857-4F3E-AD46-16AAA8A13D9F}.Release|Mixed Platforms.Build.0 = Release|x86
		{2C0A756D-4857-4F3E-AD46-16AAA8A13D9F}.Release|Win32.ActiveCfg = Release|x86
		{2C0A756D-4857-4F3E-AD46-16AAA8A13D9F}.Release|x86.ActiveCfg = Release|x86
		{2C0A756D-4857-4F3E-AD46-16AAA8A13D9F}.Release|x86.Build.0 = Release|x86
		{0088831A-7FF0-4BDA-A6D8-1AF677D5E65D}.Debug|Any CPU.ActiveCfg = Debug|x86
		{0088831A-7FF0-4BDA-A6D8-1AF677D5E65D}.Debug|Mixed Platforms.ActiveCfg = Debug|x86
		{0088831A-7FF0-4BDA-A6D8-1AF677D5E65D}.Debug|Mixed Platforms.Build.0 = Debug|x86
		{0088831A-7FF0-4BDA-A6D8-1AF677D5E65D}.Debug|Win32.ActiveCfg = Debug|x86
		{0088831A-7FF0-4BDA-A6D8-1AF677D5E65D}.Debug|x86.ActiveCfg = Debug|x86
		{0088831A-7FF0-4BDA-A6D8-1AF677D5E65D}.Debug|x86.Build.0 = Debug|x86
		{0088831A-7FF0-4BDA-A6D8-1AF677D5E65D}.Release|Any CPU.ActiveCfg = Release|x86
		{0088831A-7FF0-4BDA-A6D8-1AF677D5E65D}.Release|Mixed Platforms.ActiveCfg = Release|x86
		{0088831A-7FF0-4BDA-A6D8-1AF677D5E65D}.Release|Mixed Platforms.Build.0 = Release|x86
		{0088831A-7FF0-4BDA-A6D8-1AF677D5E65D}.Release|Win32.ActiveCfg = Release|x86
		{0088831A-7FF0-4BDA-A6D8-1AF677D5E65D}.Release|x86.ActiveCfg = Release|x86
		{0088831A-7FF0-4BDA-A6D8-1AF677D5E65D}.Release|x86.Build.0 = Release|x86
		{DCF3AC38-0AEC-41A8-A4EB-3FE5AEB1E4E6}.Debug|Any CPU.ActiveCfg = Debug|x86
		{DCF3AC38-0AEC-41A8-A4EB-3FE5AEB1E4E6}.Debug|Mixed Platforms.ActiveCfg = Debug|x86
		{DCF3AC38-0AEC-41A8-A4EB-3FE5AEB1E4E6}.Debug|Mixed Platforms.Build.0 = Debug|x86
		{DCF3AC38-0AEC-41A8-A4EB-3FE5AEB1E4E6}.Debug|Win32.ActiveCfg = Debug|x86
		{DCF3AC38-0AEC-41A8-A4EB-3FE5AEB1E4E6}.Debug|x86.ActiveCfg = Debug|x86
		{DCF3AC38-0AEC-41A8-A4EB-3FE5AEB1E4E6}.Debug|x86.Build.0 = Debug|x86
		{DCF3AC38-0AEC-41A8-A4EB-3FE5AEB1E4E6}.Release|Any CPU.ActiveCfg = Release|x86
		{DCF3AC38-0AEC-41A8-A4EB-3FE5AEB1E4E6}.Release|Mixed Platforms.ActiveCfg = Release|x86
		{DCF3AC38-0AEC-41A8-A4EB-3FE5AEB1E4E6}.Release|Mixed Platforms.Build.0 = Release|x86
		{DCF3AC38-0AEC-41A8-A4EB-3FE5AEB1E4E6}.Release|Win32.ActiveCfg = Release|x86
		{DCF3AC38-0AEC-41A8-A4EB-3FE5AEB1E4E6}.Release|x86.ActiveCfg = Release|x86
		{DCF3AC38-0AEC-41A8-A4EB-3FE5AEB1E4E6}.Release|x86.Build.0 = Release|x86
		{3FB822C3-EE0F-4F0F-ABE7-92EA699573D5}.Debug|Any CPU.ActiveCfg = Debug|x86
		{3FB822C3-EE0F-4F0F-ABE7-92EA699573D5}.Debug|Mixed Platforms.ActiveCfg = Debug|x86
		{3FB822C3-EE0F-4F0F-ABE7-92EA699573D5}.Debug|Mixed Platforms.Build.0 = Debug|x86
		{3FB822C3-EE0F-4F0F-ABE7-92EA699573D5}.Debug|Win32.ActiveCfg = Debug|x86
		{3FB822C3-EE0F-4F0F-ABE7-92EA699573D5}.Debug|x86.ActiveCfg = Debug|x86
		{3FB822C3-EE0F-4F0F-ABE7-92EA699573D5}.Debug|x86.Build.0 = Debug|x86
		{3FB822C3-EE0F-4F0F-ABE7-92EA699573D5}.Release|Any CPU.ActiveCfg = Release|x86
		{3FB822C3-EE0F-4F0F-ABE7-92EA699573D5}.Release|Mixed Platforms.ActiveCfg = Release|x86
		{3FB822C3-EE0F-4F0F-ABE7-92EA699573D5}.Release|Mixed Platforms.Build.0 = Release|x86
		{3FB822C3-EE0F-4F0F-ABE7-92EA699573D5}.Release|Win32.ActiveCfg = Release|x86
		{3FB822C3-EE0F-4F0F-ABE7-92EA699573D5}.Release|x86.ActiveCfg = Release|x86
		{3FB822C3-EE0F-4F0F-ABE7-92EA699573D5}.Release|x86.Build.0 = Release|x86
		{0483DEB0-3901-4BAC-8AE1-87C77105EFE7}.Debug|Any CPU.ActiveCfg = Debug|x86
		{0483DEB0-3901-4BAC-8AE1-87C77105EFE7}.Debug|Mixed Platforms.ActiveCfg = Debug|x86
		{0483DEB0-3901-4BAC-8AE1-87C77105EFE7}.Debug|Mixed Platforms.Build.0 = Debug|x86
		{0483DEB0-3901-4BAC-8AE1-87C77105EFE7}.Debug|Win32.ActiveCfg = Debug|x86
		{0483DEB0-3901-4BAC-8AE1-87C77105EFE7}.Debug|x86.ActiveCfg = Debug|x86
		{0483DEB0-3901-4BAC-8AE1-87C77105EFE7}.Debug|x86.Build.0 = Debug|x86
		{0483DEB0-3901-4BAC-8AE1-87C77105EFE7}.Release|Any CPU.ActiveCfg = Release|x86
		{0483DEB0-3901-4BAC-8AE1-87C77105EFE7}.Release|Mixed Platforms.ActiveCfg = Release|x86
		{0483DEB0-3901-4BAC-8AE1-87C77105EFE7}.Release|Mixed Platforms.Build.0 = Release|x86
		{0483DEB0-3901-4BAC-8AE1-87C77105EFE7}.Release|Win32.ActiveCfg = Release|x86
		{0483DEB0-3901-4BAC-8AE1-87C77105EFE7}.Release|x86.ActiveCfg = Release|x86
		{0483DEB0-3901-4BAC-8AE1-87C77105EFE7}.Release|x86.Build.0 = Release|x86
		{76939AE4-3E48-47F4-938C-664C92E40877}.Debug|Any CPU.ActiveCfg = Debug|x86
		{76939AE4-3E48-47F4-938C-664C92E40877}.Debug|Mixed Platforms.ActiveCfg = Debug|x86
		{76939AE4-3E48-47F4-938C-664C92E40877}.Debug|Mixed Platforms.Build.0 = Debug|x86
		{76939AE4-3E48-47F4-938C-664C92E40877}.Debug|Win32.ActiveCfg = Debug|x86
		{76939AE4-3E48-47F4-938C-664C92E40877}.Debug|x86.ActiveCfg = Debug|x86
		{76939AE4-3E48-47F4-938C-664C92E40877}.Debug|x86.Build.0 = Debug|x86
		{76939AE4-3E48-47F4-938C-664C92E40877}.Release|Any CPU.ActiveCfg = Release|x86
		{76939AE4-3E48-47F4-938C-664C92E40877}.Release|Mixed Platforms.ActiveCfg = Release|x86
		{76939AE4-3E48-47F4-938C-664C92E40877}.Release|Mixed Platforms.Build.0 = Release|x86
		{76939AE4-3E48-47F4-938C-664C92E40877}.Release|Win32.ActiveCfg = Release|x86
		{76939AE4-3E48-47F4-938C-664C92E40877}.Release|x86.ActiveCfg = Release|x86
		{76939AE4-3E48-47F4-938C-664C92E40877}.Release|x86.Build.0 = Release|x86
		{2EC4B4A2-A038-4FA9-885D-F1E1FB9A0EB9}.Debug|Any CPU.ActiveCfg = Debug|x86
		{2EC4B4A2-A038-4FA9-885D-F1E1FB9A0EB9}.Debug|Mixed Platforms.ActiveCfg = Debug|x86
		{2EC4B4A2-A038-4FA9-885D-F1E1FB9A0EB9}.Debug|Mixed Platforms.Build.0 = Debug|x86
		{2EC4B4A2-A038-4FA9-885D-F1E1FB9A0EB9}.Debug|Win32.ActiveCfg = Debug|x86
		{2EC4B4A2-A038-4FA9-885D-F1E1FB9A0EB9}.Debug|x86.ActiveCfg = Debug|x86
		{2EC4B4A2-A038-4FA9-885D-F1E1FB9A0EB9}.Debug|x86.Build.0 = Debug|x86
		{2EC4B4A2-A038-4FA9-885D-F1E1FB9A0EB9}.Release|Any CPU.ActiveCfg = Release|x86
		{2EC4B4A2-A038-4FA9-885D-F1E1FB9A0EB9}.Release|Mixed Platforms.ActiveCfg = Release|x86
		{2EC4B4A2-A038-4FA9-885D-F1E1FB9A0EB9}.Release|Mixed Platforms.Build.0 = Release|x86
		{2EC4B4A2-A038-4FA9-885D-F1E1FB9A0EB9}.Release|Win32.ActiveCfg = Release|x86
		{2EC4B4A2-A038-4FA9-885D-F1E1FB9A0EB9}.Release|x86.ActiveCfg = Release|x86
		{2EC4B4A2-A038-4FA9-885D-F1E1FB9A0EB9}.Release|x86.Build.0 = Release|x86
		{8C159A17-1BAD-49C6-ADB5-9FEA5FE33B69}.Debug|Any CPU.ActiveCfg = Debug|x86
		{8C159A17-1BAD-49C6-ADB5-9FEA5FE33B69}.Debug|Mixed Platforms.ActiveCfg = Debug|x86
		{8C159A17-1BAD-49C6-ADB5-9FEA5FE33B69}.Debug|Mixed Platforms.Build.0 = Debug|x86
		{8C159A17-1BAD-49C6-ADB5-9FEA5FE33B69}.Debug|Win32.ActiveCfg = Debug|x86
		{8C159A17-1BAD-49C6-ADB5-9FEA5FE33B69}.Debug|x86.ActiveCfg = Debug|x86
		{8C159A17-1BAD-49C6-ADB5-9FEA5FE33B69}.Debug|x86.Build.0 = Debug|x86
		{8C159A17-1BAD-49C6-ADB5-9FEA5FE33B69}.Release|Any CPU.ActiveCfg = Release|x86
		{8C159A17-1BAD-49C6-ADB5-9FEA5FE33B69}.Release|Mixed Platforms.ActiveCfg = Release|x86
		{8C159A17-1BAD-49C6-ADB5-9FEA5FE33B69}.Release|Mixed Platforms.Build.0 = Release|x86
		{8C159A17-1BAD-49C6-ADB5-9FEA5FE33B69}.Release|Win32.ActiveCfg = Release|x86
		{8C159A17-1BAD-49C6-ADB5-9FEA5FE33B69}.Release|x86.ActiveCfg = Release|x86
		{8C159A17-1BAD-49C6-ADB5-9FEA5FE33B69}.Release|x86.Build.0 = Release|x86
		{B58EA1E2-9ED2-4B33-B6EA-63931323E941}.Debug|Any CPU.ActiveCfg = Debug|x86
		{B58EA1E2-9ED2-4B33-B6EA-63931323E941}.Debug|Mixed Platforms.ActiveCfg = Debug|x86
		{B58EA1E2-9ED2-4B33-B6EA-63931323E941}.Debug|Mixed Platforms.Build.0 = Debug|x86
		{B58EA1E2-9ED2-4B33-B6EA-63931323E941}.Debug|Win32.ActiveCfg = Debug|x86
		{B58EA1E2-9ED2-4B33-B6EA-63931323E941}.Debug|x86.ActiveCfg = Debug|x86
		{B58EA1E2-9ED2-4B33-B6EA-63931323E941}.Debug|x86.Build.0 = Debug|x86
		{B58EA1E2-9ED2-4B33-B6EA-63931323E941}.Release|Any CPU.ActiveCfg = Release|x86
		{B58EA1E2-9ED2-4B33-B6EA-63931323E941}.Release|Mixed Platforms.ActiveCfg = Release|x86
		{B58EA1E2-9ED2-4B33-B6EA-63931323E941}.Release|Mixed Platforms.Build.0 = Release|x86
		{B58EA1E2-9ED2-4B33-B6EA-63931323E941}.Release|Win32.ActiveCfg = Release|x86
		{B58EA1E2-9ED2-4B33-B6EA-63931323E941}.Release|x86.ActiveCfg = Release|x86
		{B58EA1E2-9ED2-4B33-B6EA-63931323E941}.Release|x86.Build.0 = Release|x86
		{5DB10DC3-9CBC-4521-879D-6FBAF76A478F}.Debug|Any CPU.ActiveCfg = Debug|x86
		{5DB10DC3-9CBC-4521-879D-6FBAF76A478F}.Debug|Mixed Platforms.ActiveCfg = Debug|x86
		{5DB10DC3-9CBC-4521-879D-6FBAF76A478F}.Debug|Mixed Platforms.Build.0 = Debug|x86
		{5DB10DC3-9CBC-4521-879D-6FBAF76A478F}.Debug|Win32.ActiveCfg = Debug|x86
		{5DB10DC3-9CBC-4521-879D-6FBAF76A478F}.Debug|x86.ActiveCfg = Debug|x86
		{5DB10DC3-9CBC-4521-879D-6FBAF76A478F}.Debug|x86.Build.0 = Debug|x86
		{5DB10DC3-9CBC-4521-879D-6FBAF76A478F}.Release|Any CPU.ActiveCfg = Release|x86
		{5DB10DC3-9CBC-4521-879D-6FBAF76A478F}.Release|Mixed Platforms.ActiveCfg = Release|x86
		{5DB10DC3-9CBC-4521-879D-6FBAF76A478F}.Release|Mixed Platforms.Build.0 = Release|x86
		{5DB10DC3-9CBC-4521-879D-6FBAF76A478F}.Release|Win32.ActiveCfg = Release|x86
		{5DB10DC3-9CBC-4521-879D-6FBAF76A478F}.Release|x86.ActiveCfg = Release|x86
		{5DB10DC3-9CBC-4521-879D-6FBAF76A478F}.Release|x86.Build.0 = Release|x86
		{EFC801FE-4FCD-4283-9CBC-1ED06DAE1C11}.Debug|Any CPU.ActiveCfg = Debug|x86
		{EFC801FE-4FCD-4283-9CBC-1ED06DAE1C11}.Debug|Mixed Platforms.ActiveCfg = Debug|x86
		{EFC801FE-4FCD-4283-9CBC-1ED06DAE1C11}.Debug|Mixed Platforms.Build.0 = Debug|x86
		{EFC801FE-4FCD-4283-9CBC-1ED06DAE1C11}.Debug|Win32.ActiveCfg = Debug|x86
		{EFC801FE-4FCD-4283-9CBC-1ED06DAE1C11}.Debug|x86.ActiveCfg = Debug|x86
		{EFC801FE-4FCD-4283-9CBC-1ED06DAE1C11}.Debug|x86.Build.0 = Debug|x86
		{EFC801FE-4FCD-4283-9CBC-1ED06DAE1C11}.Release|Any CPU.ActiveCfg = Release|x86
		{EFC801FE-4FCD-4283-9CBC-1ED06DAE1C11}.Release|Mixed Platforms.ActiveCfg = Release|x86
		{EFC801FE-4FCD-4283-9CBC-1ED06DAE1C11}.Release|Mixed Platforms.Build.0 = Release|x86
		{EFC801FE-4FCD-4283-9CBC-1ED06DAE1C11}.Release|Win32.ActiveCfg = Release|x86
		{EFC801FE-4FCD-4283-9CBC-1ED06DAE1C11}.Release|x86.ActiveCfg = Release|x86
		{EFC801FE-4FCD-4283-9CBC-1ED06DAE1C11}.Release|x86.Build.0 = Release|x86
		{17B6AF95-48FC-4529-8451-4AF0E0F39567}.Debug|Any CPU.ActiveCfg = Debug|x86
		{17B6AF95-48FC-4529-8451-4AF0E0F39567}.Debug|Mixed Platforms.ActiveCfg = Debug|x86
		{17B6AF95-48FC-4529-8451-4AF0E0F39567}.Debug|Mixed Platforms.Build.0 = Debug|x86
		{17B6AF95-48FC-4529-8451-4AF0E0F39567}.Debug|Win32.ActiveCfg = Debug|x86
		{17B6AF95-48FC-4529-8451-4AF0E0F39567}.Debug|x86.ActiveCfg = Debug|x86
		{17B6AF95-48FC-4529-8451-4AF0E0F39567}.Debug|x86.Build.0 = Debug|x86
		{17B6AF95-48FC-4529-8451-4AF0E0F39567}.Release|Any CPU.ActiveCfg = Release|x86
		{17B6AF95-48FC-4529-8451-4AF0E0F39567}.Release|Mixed Platforms.ActiveCfg = Release|x86
		{17B6AF95-48FC-4529-8451-4AF0E0F39567}.Release|Mixed Platforms.Build.0 = Release|x86
		{17B6AF95-48FC-4529-8451-4AF0E0F39567}.Release|Win32.ActiveCfg = Release|x86
		{17B6AF95-48FC-4529-8451-4AF0E0F39567}.Release|x86.ActiveCfg = Release|x86
		{17B6AF95-48FC-4529-8451-4AF0E0F39567}.Release|x86.Build.0 = Release|x86
		{E29F80C2-52F1-4F7F-BC3B-091ECFE3F465}.Debug|Any CPU.ActiveCfg = Debug|x86
		{E29F80C2-52F1-4F7F-BC3B-091ECFE3F465}.Debug|Mixed Platforms.ActiveCfg = Debug|x86
		{E29F80C2-52F1-4F7F-BC3B-091ECFE3F465}.Debug|Mixed Platforms.Build.0 = Debug|x86
		{E29F80C2-52F1-4F7F-BC3B-091ECFE3F465}.Debug|Win32.ActiveCfg = Debug|x86
		{E29F80C2-52F1-4F7F-BC3B-091ECFE3F465}.Debug|x86.ActiveCfg = Debug|x86
		{E29F80C2-52F1-4F7F-BC3B-091ECFE3F465}.Debug|x86.Build.0 = Debug|x86
		{E29F80C2-52F1-4F7F-BC3B-091ECFE3F465}.Release|Any CPU.ActiveCfg = Release|x86
		{E29F80C2-52F1-4F7F-BC3B-091ECFE3F465}.Release|Mixed Platforms.ActiveCfg = Release|x86
		{E29F80C2-52F1-4F7F-BC3B-091ECFE3F465}.Release|Mixed Platforms.Build.0 = Release|x86
		{E29F80C2-52F1-4F7F-BC3B-091ECFE3F465}.Release|Win32.ActiveCfg = Release|x86
		{E29F80C2-52F1-4F7F-BC3B-091ECFE3F465}.Release|x86.ActiveCfg = Release|x86
		{E29F80C2-52F1-4F7F-BC3B-091ECFE3F465}.Release|x86.Build.0 = Release|x86
		{04AF92FF-69DC-41A7-B25D-979B3D7A1A29}.Debug|Any CPU.ActiveCfg = Debug|x86
		{04AF92FF-69DC-41A7-B25D-979B3D7A1A29}.Debug|Mixed Platforms.ActiveCfg = Debug|x86
		{04AF92FF-69DC-41A7-B25D-979B3D7A1A29}.Debug|Mixed Platforms.Build.0 = Debug|x86
		{04AF92FF-69DC-41A7-B25D-979B3D7A1A29}.Debug|Win32.ActiveCfg = Debug|x86
		{04AF92FF-69DC-41A7-B25D-979B3D7A1A29}.Debug|x86.ActiveCfg = Debug|x86
		{04AF92FF-69DC-41A7-B25D-979B3D7A1A29}.Debug|x86.Build.0 = Debug|x86
		{04AF92FF-69DC-41A7-B25D-979B3D7A1A29}.Release|Any CPU.ActiveCfg = Release|x86
		{04AF92FF-69DC-41A7-B25D-979B3D7A1A29}.Release|Mixed Platforms.ActiveCfg = Release|x86
		{04AF92FF-69DC-41A7-B25D-979B3D7A1A29}.Release|Mixed Platforms.Build.0 = Release|x86
		{04AF92FF-69DC-41A7-B25D-979B3D7A1A29}.Release|Win32.ActiveCfg = Release|x86
		{04AF92FF-69DC-41A7-B25D-979B3D7A1A29}.Release|x86.ActiveCfg = Release|x86
		{04AF92FF-69DC-41A7-B25D-979B3D7A1A29}.Release|x86.Build.0 = Release|x86
		{9C0AB743-3818-4A07-AA81-3C8523E08F78}.Debug|Any CPU.ActiveCfg = Debug|x86
		{9C0AB743-3818-4A07-AA81-3C8523E08F78}.Debug|Mixed Platforms.ActiveCfg = Debug|x86
		{9C0AB743-3818-4A07-AA81-3C8523E08F78}.Debug|Mixed Platforms.Build.0 = Debug|x86
		{9C0AB743-3818-4A07-AA81-3C8523E08F78}.Debug|Win32.ActiveCfg = Debug|x86
		{9C0AB743-3818-4A07-AA81-3C8523E08F78}.Debug|x86.ActiveCfg = Debug|x86
		{9C0AB743-3818-4A07-AA81-3C8523E08F78}.Debug|x86.Build.0 = Debug|x86
		{9C0AB743-3818-4A07-AA81-3C8523E08F78}.Release|Any CPU.ActiveCfg = Release|x86
		{9C0AB743-3818-4A07-AA81-3C8523E08F78}.Release|Mixed Platforms.ActiveCfg = Release|x86
		{9C0AB743-3818-4A07-AA81-3C8523E08F78}.Release|Mixed Platforms.Build.0 = Release|x86
		{9C0AB743-3818-4A07-AA81-3C8523E08F78}.Release|Win32.ActiveCfg = Release|x86
		{9C0AB743-3818-4A07-AA81-3C8523E08F78}.Release|x86.ActiveCfg = Release|x86
		{9C0AB743-3818-4A07-AA81-3C8523E08F78}.Release|x86.Build.0 = Release|x86
		{2E84AAF4-3D36-44D4-9D43-71EDC29EC564}.Debug|Any CPU.ActiveCfg = Debug|x86
		{2E84AAF4-3D36-44D4-9D43-71EDC29EC564}.Debug|Mixed Platforms.ActiveCfg = Debug|x86
		{2E84AAF4-3D36-44D4-9D43-71EDC29EC564}.Debug|Mixed Platforms.Build.0 = Debug|x86
		{2E84AAF4-3D36-44D4-9D43-71EDC29EC564}.Debug|Win32.ActiveCfg = Debug|x86
		{2E84AAF4-3D36-44D4-9D43-71EDC29EC564}.Debug|x86.ActiveCfg = Debug|x86
		{2E84AAF4-3D36-44D4-9D43-71EDC29EC564}.Debug|x86.Build.0 = Debug|x86
		{2E84AAF4-3D36-44D4-9D43-71EDC29EC564}.Release|Any CPU.ActiveCfg = Release|x86
		{2E84AAF4-3D36-44D4-9D43-71EDC29EC564}.Release|Mixed Platforms.ActiveCfg = Release|x86
		{2E84AAF4-3D36-44D4-9D43-71EDC29EC564}.Release|Mixed Platforms.Build.0 = Release|x86
		{2E84AAF4-3D36-44D4-9D43-71EDC29EC564}.Release|Win32.ActiveCfg = Release|x86
		{2E84AAF4-3D36-44D4-9D43-71EDC29EC564}.Release|x86.ActiveCfg = Release|x86
		{2E84AAF4-3D36-44D4-9D43-71EDC29EC564}.Release|x86.Build.0 = Release|x86
		{C71AE6E3-6DAC-454B-9DF7-D021E972C0E8}.Debug|Any CPU.ActiveCfg = Debug|x86
		{C71AE6E3-6DAC-454B-9DF7-D021E972C0E8}.Debug|Mixed Platforms.ActiveCfg = Debug|x86
		{C71AE6E3-6DAC-454B-9DF7-D021E972C0E8}.Debug|Mixed Platforms.Build.0 = Debug|x86
		{C71AE6E3-6DAC-454B-9DF7-D021E972C0E8}.Debug|Win32.ActiveCfg = Debug|x86
		{C71AE6E3-6DAC-454B-9DF7-D021E972C0E8}.Debug|x86.ActiveCfg = Debug|x86
		{C71AE6E3-6DAC-454B-9DF7-D021E972C0E8}.Debug|x86.Build.0 = Debug|x86
		{C71AE6E3-6DAC-454B-9DF7-D021E972C0E8}.Release|Any CPU.ActiveCfg = Release|x86
		{C71AE6E3-6DAC-454B-9DF7-D021E972C0E8}.Release|Mixed Platforms.ActiveCfg = Release|x86
		{C71AE6E3-6DAC-454B-9DF7-D021E972C0E8}.Release|Mixed Platforms.Build.0 = Release|x86
		{C71AE6E3-6DAC-454B-9DF7-D021E972C0E8}.Release|Win32.ActiveCfg = Release|x86
		{C71AE6E3-6DAC-454B-9DF7-D021E972C0E8}.Release|x86.ActiveCfg = Release|x86
		{C71AE6E3-6DAC-454B-9DF7-D021E972C0E8}.Release|x86.Build.0 = Release|x86
	EndGlobalSection
	GlobalSection(SolutionProperties) = preSolution
		HideSolutionNode = FALSE
	EndGlobalSection
EndGlobal
